
Microsoft Visual Studio Solution File, Format Version 11.00
# Visual Studio 2010
Project("{FAE04EC0-301F-11D3-BF4B-00C04F79EFBC}") = "MiniCactpotSolver", "MiniCactpotSolver\MiniCactpotSolver.csproj", "{680E8824-8877-4360-B94F-F945C9DDDACF}"
EndProject
Global
	GlobalSection(SolutionConfigurationPlatforms) = preSolution
		Debug|x86 = Debug|x86
		Release|x86 = Release|x86
	EndGlobalSection
	GlobalSection(ProjectConfigurationPlatforms) = postSolution
		{680E8824-8877-4360-B94F-F945C9DDDACF}.Debug|x86.ActiveCfg = Debug|x86
		{680E8824-8877-4360-B94F-F945C9DDDACF}.Debug|x86.Build.0 = Debug|x86
		{680E8824-8877-4360-B94F-F945C9DDDACF}.Release|x86.ActiveCfg = Release|x86
		{680E8824-8877-4360-B94F-F945C9DDDACF}.Release|x86.Build.0 = Release|x86
	EndGlobalSection
	GlobalSection(SolutionProperties) = preSolution
		HideSolutionNode = FALSE
	EndGlobalSection
EndGlobal
